// !$*UTF8*$!
{
	archiveVersion = 1;
	classes = {
	};
	objectVersion = 46;
	objects = {

/* Begin PBXBuildFile section */
		8A5CF7611D71CFF30069AE0D /* main.m in Sources */ = {isa = PBXBuildFile; fileRef = 8A5CF7601D71CFF30069AE0D /* main.m */; };
		8A5CF7641D71CFF40069AE0D /* AppDelegate.m in Sources */ = {isa = PBXBuildFile; fileRef = 8A5CF7631D71CFF40069AE0D /* AppDelegate.m */; };
		8A5CF7671D71CFF40069AE0D /* ViewController.mm in Sources */ = {isa = PBXBuildFile; fileRef = 8A5CF7661D71CFF40069AE0D /* ViewController.mm */; };
		8A5CF76A1D71CFF40069AE0D /* Main.storyboard in Resources */ = {isa = PBXBuildFile; fileRef = 8A5CF7681D71CFF40069AE0D /* Main.storyboard */; };
		8A5CF76C1D71CFF50069AE0D /* Assets.xcassets in Resources */ = {isa = PBXBuildFile; fileRef = 8A5CF76B1D71CFF40069AE0D /* Assets.xcassets */; };
		8A5CF76F1D71CFF50069AE0D /* LaunchScreen.storyboard in Resources */ = {isa = PBXBuildFile; fileRef = 8A5CF76D1D71CFF50069AE0D /* LaunchScreen.storyboard */; };
		8A5CF7781D71D0900069AE0D /* Greeting.cpp in Sources */ = {isa = PBXBuildFile; fileRef = 8A5CF7761D71D0900069AE0D /* Greeting.cpp */; };
/* End PBXBuildFile section */

/* Begin PBXFileReference section */
		8A5CF75C1D71CFF30069AE0D /* HelloCpp.app */ = {isa = PBXFileReference; explicitFileType = wrapper.application; includeInIndex = 0; path = HelloCpp.app; sourceTree = BUILT_PRODUCTS_DIR; };
		8A5CF7601D71CFF30069AE0D /* main.m */ = {isa = PBXFileReference; lastKnownFileType = sourcecode.c.objc; path = main.m; sourceTree = "<group>"; };
		8A5CF7621D71CFF30069AE0D /* AppDelegate.h */ = {isa = PBXFileReference; lastKnownFileType = sourcecode.c.h; path = AppDelegate.h; sourceTree = "<group>"; };
		8A5CF7631D71CFF40069AE0D /* AppDelegate.m */ = {isa = PBXFileReference; lastKnownFileType = sourcecode.c.objc; path = AppDelegate.m; sourceTree = "<group>"; };
		8A5CF7651D71CFF40069AE0D /* ViewController.h */ = {isa = PBXFileReference; lastKnownFileType = sourcecode.c.h; path = ViewController.h; sourceTree = "<group>"; };
		8A5CF7661D71CFF40069AE0D /* ViewController.mm */ = {isa = PBXFileReference; lastKnownFileType = sourcecode.cpp.objcpp; path = ViewController.mm; sourceTree = "<group>"; };
		8A5CF7691D71CFF40069AE0D /* Base */ = {isa = PBXFileReference; lastKnownFileType = file.storyboard; name = Base; path = Base.lproj/Main.storyboard; sourceTree = "<group>"; };
		8A5CF76B1D71CFF40069AE0D /* Assets.xcassets */ = {isa = PBXFileReference; lastKnownFileType = folder.assetcatalog; path = Assets.xcassets; sourceTree = "<group>"; };
		8A5CF76E1D71CFF50069AE0D /* Base */ = {isa = PBXFileReference; lastKnownFileType = file.storyboard; name = Base; path = Base.lproj/LaunchScreen.storyboard; sourceTree = "<group>"; };
		8A5CF7701D71CFF50069AE0D /* Info.plist */ = {isa = PBXFileReference; lastKnownFileType = text.plist.xml; path = Info.plist; sourceTree = "<group>"; };
		8A5CF7761D71D0900069AE0D /* Greeting.cpp */ = {isa = PBXFileReference; fileEncoding = 4; lastKnownFileType = sourcecode.cpp.cpp; name = Greeting.cpp; path = ../Greeting.cpp; sourceTree = "<group>"; };
		8A5CF7771D71D0900069AE0D /* Greeting.hpp */ = {isa = PBXFileReference; fileEncoding = 4; lastKnownFileType = sourcecode.cpp.h; name = Greeting.hpp; path = ../Greeting.hpp; sourceTree = "<group>"; };
/* End PBXFileReference section */

/* Begin PBXFrameworksBuildPhase section */
		8A5CF7591D71CFF30069AE0D /* Frameworks */ = {
			isa = PBXFrameworksBuildPhase;
			buildActionMask = 2147483647;
			files = (
			);
			runOnlyForDeploymentPostprocessing = 0;
		};
/* End PBXFrameworksBuildPhase section */

/* Begin PBXGroup section */
		8A5CF7531D71CFF30069AE0D = {
			isa = PBXGroup;
			children = (
				8A5CF75E1D71CFF30069AE0D /* HelloCpp */,
				8A5CF75D1D71CFF30069AE0D /* Products */,
			);
			sourceTree = "<group>";
		};
		8A5CF75D1D71CFF30069AE0D /* Products */ = {
			isa = PBXGroup;
			children = (
				8A5CF75C1D71CFF30069AE0D /* HelloCpp.app */,
			);
			name = Products;
			sourceTree = "<group>";
		};
		8A5CF75E1D71CFF30069AE0D /* HelloCpp */ = {
			isa = PBXGroup;
			children = (
				8A5CF7621D71CFF30069AE0D /* AppDelegate.h */,
				8A5CF7631D71CFF40069AE0D /* AppDelegate.m */,
				8A5CF7771D71D0900069AE0D /* Greeting.hpp */,
				8A5CF7761D71D0900069AE0D /* Greeting.cpp */,
				8A5CF7651D71CFF40069AE0D /* ViewController.h */,
				8A5CF7661D71CFF40069AE0D /* ViewController.mm */,
				8A5CF7681D71CFF40069AE0D /* Main.storyboard */,
				8A5CF76B1D71CFF40069AE0D /* Assets.xcassets */,
				8A5CF76D1D71CFF50069AE0D /* LaunchScreen.storyboard */,
				8A5CF7701D71CFF50069AE0D /* Info.plist */,
				8A5CF75F1D71CFF30069AE0D /* Supporting Files */,
			);
			path = HelloCpp;
			sourceTree = "<group>";
		};
		8A5CF75F1D71CFF30069AE0D /* Supporting Files */ = {
			isa = PBXGroup;
			children = (
				8A5CF7601D71CFF30069AE0D /* main.m */,
			);
			name = "Supporting Files";
			sourceTree = "<group>";
		};
/* End PBXGroup section */

/* Begin PBXNativeTarget section */
		8A5CF75B1D71CFF30069AE0D /* HelloCpp */ = {
			isa = PBXNativeTarget;
			buildConfigurationList = 8A5CF7731D71CFF50069AE0D /* Build configuration list for PBXNativeTarget "HelloCpp" */;
			buildPhases = (
				8A5CF7581D71CFF30069AE0D /* Sources */,
				8A5CF7591D71CFF30069AE0D /* Frameworks */,
				8A5CF75A1D71CFF30069AE0D /* Resources */,
			);
			buildRules = (
			);
			dependencies = (
			);
			name = HelloCpp;
			productName = HelloCpp;
			productReference = 8A5CF75C1D71CFF30069AE0D /* HelloCpp.app */;
			productType = "com.apple.product-type.application";
		};
/* End PBXNativeTarget section */

/* Begin PBXProject section */
		8A5CF7541D71CFF30069AE0D /* Project object */ = {
			isa = PBXProject;
			attributes = {
				LastUpgradeCheck = 0730;
				ORGANIZATIONNAME = com.giria;
				TargetAttributes = {
					8A5CF75B1D71CFF30069AE0D = {
						CreatedOnToolsVersion = 7.3;
					};
				};
			};
			buildConfigurationList = 8A5CF7571D71CFF30069AE0D /* Build configuration list for PBXProject "HelloCpp" */;
			compatibilityVersion = "Xcode 3.2";
			developmentRegion = English;
			hasScannedForEncodings = 0;
			knownRegions = (
				en,
				Base,
			);
			mainGroup = 8A5CF7531D71CFF30069AE0D;
			productRefGroup = 8A5CF75D1D71CFF30069AE0D /* Products */;
			projectDirPath = "";
			projectRoot = "";
			targets = (
				8A5CF75B1D71CFF30069AE0D /* HelloCpp */,
			);
		};
/* End PBXProject section */

/* Begin PBXResourcesBuildPhase section */
		8A5CF75A1D71CFF30069AE0D /* Resources */ = {
			isa = PBXResourcesBuildPhase;
			buildActionMask = 2147483647;
			files = (
				8A5CF76F1D71CFF50069AE0D /* LaunchScreen.storyboard in Resources */,
				8A5CF76C1D71CFF50069AE0D /* Assets.xcassets in Resources */,
				8A5CF76A1D71CFF40069AE0D /* Main.storyboard in Resources */,
			);
			runOnlyForDeploymentPostprocessing = 0;
		};
/* End PBXResourcesBuildPhase section */

/* Begin PBXSourcesBuildPhase section */
		8A5CF7581D71CFF30069AE0D /* Sources */ = {
			isa = PBXSourcesBuildPhase;
			buildActionMask = 2147483647;
			files = (
				8A5CF7671D71CFF40069AE0D /* ViewController.mm in Sources */,
				8A5CF7641D71CFF40069AE0D /* AppDelegate.m in Sources */,
				8A5CF7781D71D0900069AE0D /* Greeting.cpp in Sources */,
				8A5CF7611D71CFF30069AE0D /* main.m in Sources */,
			);
			runOnlyForDeploymentPostprocessing = 0;
		};
/* End PBXSourcesBuildPhase section */

/* Begin PBXVariantGroup section */
		8A5CF7681D71CFF40069AE0D /* Main.storyboard */ = {
			isa = PBXVariantGroup;
			children = (
				8A5CF7691D71CFF40069AE0D /* Base */,
			);
			name = Main.storyboard;
			sourceTree = "<group>";
		};
		8A5CF76D1D71CFF50069AE0D /* LaunchScreen.storyboard */ = {
			isa = PBXVariantGroup;
			children = (
				8A5CF76E1D71CFF50069AE0D /* Base */,
			);
			name = LaunchScreen.storyboard;
			sourceTree = "<group>";
		};
/* End PBXVariantGroup section */

/* Begin XCBuildConfiguration section */
		8A5CF7711D71CFF50069AE0D /* Debug */ = {
			isa = XCBuildConfiguration;
			buildSettings = {
				ALWAYS_SEARCH_USER_PATHS = NO;
				CLANG_ANALYZER_NONNULL = YES;
				CLANG_CXX_LANGUAGE_STANDARD = "gnu++0x";
				CLANG_CXX_LIBRARY = "libc++";
				CLANG_ENABLE_MODULES = YES;
				CLANG_ENABLE_OBJC_ARC = YES;
				CLANG_WARN_BOOL_CONVERSION = YES;
				CLANG_WARN_CONSTANT_CONVERSION = YES;
				CLANG_WARN_DIRECT_OBJC_ISA_USAGE = YES_ERROR;
				CLANG_WARN_EMPTY_BODY = YES;
				CLANG_WARN_ENUM_CONVERSION = YES;
				CLANG_WARN_INT_CONVERSION = YES;
				CLANG_WARN_OBJC_ROOT_CLASS = YES_ERROR;
				CLANG_WARN_UNREACHABLE_CODE = YES;
				CLANG_WARN__DUPLICATE_METHOD_MATCH = YES;
				"CODE_SIGN_IDENTITY[sdk=iphoneos*]" = "iPhone Developer";
				COPY_PHASE_STRIP = NO;
				DEBUG_INFORMATION_FORMAT = dwarf;
				ENABLE_STRICT_OBJC_MSGSEND = YES;
				ENABLE_TESTABILITY = YES;
				GCC_C_LANGUAGE_STANDARD = gnu99;
				GCC_DYNAMIC_NO_PIC = NO;
				GCC_NO_COMMON_BLOCKS = YES;
				GCC_OPTIMIZATION_LEVEL = 0;
				GCC_PREPROCESSOR_DEFINITIONS = (
					"DEBUG=1",
					"$(inherited)",
				);
				GCC_WARN_64_TO_32_BIT_CONVERSION = YES;
				GCC_WARN_ABOUT_RETURN_TYPE = YES_ERROR;
				GCC_WARN_UNDECLARED_SELECTOR = YES;
				GCC_WARN_UNINITIALIZED_AUTOS = YES_AGGRESSIVE;
				GCC_WARN_UNUSED_FUNCTION = YES;
				GCC_WARN_UNUSED_VARIABLE = YES;
				IPHONEOS_DEPLOYMENT_TARGET = 9.3;
				MTL_ENABLE_DEBUG_INFO = YES;
				ONLY_ACTIVE_ARCH = YES;
				SDKROOT = iphoneos;
				TARGETED_DEVICE_FAMILY = "1,2";
			};
			name = Debug;
		};
		8A5CF7721D71CFF50069AE0D /* Release */ = {
			isa = XCBuildConfiguration;
			buildSettings = {
				ALWAYS_SEARCH_USER_PATHS = NO;
				CLANG_ANALYZER_NONNULL = YES;
				CLANG_CXX_LANGUAGE_STANDARD = "gnu++0x";
				CLANG_CXX_LIBRARY = "libc++";
				CLANG_ENABLE_MODULES = YES;
				CLANG_ENABLE_OBJC_ARC = YES;
				CLANG_WARN_BOOL_CONVERSION = YES;
				CLANG_WARN_CONSTANT_CONVERSION = YES;
				CLANG_WARN_DIRECT_OBJC_ISA_USAGE = YES_ERROR;
				CLANG_WARN_EMPTY_BODY = YES;
				CLANG_WARN_ENUM_CONVERSION = YES;
				CLANG_WARN_INT_CONVERSION = YES;
				CLANG_WARN_OBJC_ROOT_CLASS = YES_ERROR;
				CLANG_WARN_UNREACHABLE_CODE = YES;
				CLANG_WARN__DUPLICATE_METHOD_MATCH = YES;
				"CODE_SIGN_IDENTITY[sdk=iphoneos*]" = "iPhone Developer";
				COPY_PHASE_STRIP = NO;
				DEBUG_INFORMATION_FORMAT = "dwarf-with-dsym";
				ENABLE_NS_ASSERTIONS = NO;
				ENABLE_STRICT_OBJC_MSGSEND = YES;
				GCC_C_LANGUAGE_STANDARD = gnu99;
				GCC_NO_COMMON_BLOCKS = YES;
				GCC_WARN_64_TO_32_BIT_CONVERSION = YES;
				GCC_WARN_ABOUT_RETURN_TYPE = YES_ERROR;
				GCC_WARN_UNDECLARED_SELECTOR = YES;
				GCC_WARN_UNINITIALIZED_AUTOS = YES_AGGRESSIVE;
				GCC_WARN_UNUSED_FUNCTION = YES;
				GCC_WARN_UNUSED_VARIABLE = YES;
				IPHONEOS_DEPLOYMENT_TARGET = 9.3;
				MTL_ENABLE_DEBUG_INFO = NO;
				SDKROOT = iphoneos;
				TARGETED_DEVICE_FAMILY = "1,2";
				VALIDATE_PRODUCT = YES;
			};
			name = Release;
		};
		8A5CF7741D71CFF50069AE0D /* Debug */ = {
			isa = XCBuildConfiguration;
			buildSettings = {
				ASSETCATALOG_COMPILER_APPICON_NAME = AppIcon;
				INFOPLIST_FILE = HelloCpp/Info.plist;
				LD_RUNPATH_SEARCH_PATHS = "$(inherited) @executable_path/Frameworks";
				PRODUCT_BUNDLE_IDENTIFIER = com.giria.HelloCpp;
				PRODUCT_NAME = "$(TARGET_NAME)";
			};
			name = Debug;
		};
		8A5CF7751D71CFF50069AE0D /* Release */ = {
			isa = XCBuildConfiguration;
			buildSettings = {
				ASSETCATALOG_COMPILER_APPICON_NAME = AppIcon;
				INFOPLIST_FILE = HelloCpp/Info.plist;
				LD_RUNPATH_SEARCH_PATHS = "$(inherited) @executable_path/Frameworks";
				PRODUCT_BUNDLE_IDENTIFIER = com.giria.HelloCpp;
				PRODUCT_NAME = "$(TARGET_NAME)";
			};
			name = Release;
		};
/* End XCBuildConfiguration section */

/* Begin XCConfigurationList section */
		8A5CF7571D71CFF30069AE0D /* Build configuration list for PBXProject "HelloCpp" */ = {
			isa = XCConfigurationList;
			buildConfigurations = (
				8A5CF7711D71CFF50069AE0D /* Debug */,
				8A5CF7721D71CFF50069AE0D /* Release */,
			);
			defaultConfigurationIsVisible = 0;
			defaultConfigurationName = Release;
		};
		8A5CF7731D71CFF50069AE0D /* Build configuration list for PBXNativeTarget "HelloCpp" */ = {
			isa = XCConfigurationList;
			buildConfigurations = (
				8A5CF7741D71CFF50069AE0D /* Debug */,
				8A5CF7751D71CFF50069AE0D /* Release */,
			);
			defaultConfigurationIsVisible = 0;
		};
/* End XCConfigurationList section */
	};
	rootObject = 8A5CF7541D71CFF30069AE0D /* Project object */;
}
